
Microsoft Visual Studio Solution File, Format Version 12.00
# Visual Studio Version 17
VisualStudioVersion = 17.9.34728.123
MinimumVisualStudioVersion = 10.0.40219.1
Project("{9A19103F-16F7-4668-BE54-9A1E7A4F7556}") = "HeroWiki", "HeroWiki\HeroWiki.csproj", "{C532DCCD-33CC-4FC0-AD05-3E0C3AD82C5B}"
EndProject
Project("{9A19103F-16F7-4668-BE54-9A1E7A4F7556}") = "ServerWiki_Console", "HeroWiki_Console\ServerWiki_Console.csproj", "{D57E4E22-3C9D-4136-B07E-571F32DE4FAE}"
EndProject
Project("{FAE04EC0-301F-11D3-BF4B-00C04F79EFBC}") = "ServerWiki.Shared.Models", "ServerWiki.Shared.Models\ServerWiki.Shared.Models.csproj", "{CDF677B9-8025-4C36-89EB-FC9522182D45}"
EndProject
Project("{FAE04EC0-301F-11D3-BF4B-00C04F79EFBC}") = "ServerWiki.Shared.Data", "ServerWiki.Shared.Data\ServerWiki.Shared.Data.csproj", "{64829A94-5BD5-4BED-81F1-E3C7FAEA8887}"
EndProject
Global
	GlobalSection(SolutionConfigurationPlatforms) = preSolution
		Debug|Any CPU = Debug|Any CPU
		Release|Any CPU = Release|Any CPU
	EndGlobalSection
	GlobalSection(ProjectConfigurationPlatforms) = postSolution
		{C532DCCD-33CC-4FC0-AD05-3E0C3AD82C5B}.Debug|Any CPU.ActiveCfg = Debug|Any CPU
		{C532DCCD-33CC-4FC0-AD05-3E0C3AD82C5B}.Debug|Any CPU.Build.0 = Debug|Any CPU
		{C532DCCD-33CC-4FC0-AD05-3E0C3AD82C5B}.Release|Any CPU.ActiveCfg = Release|Any CPU
		{C532DCCD-33CC-4FC0-AD05-3E0C3AD82C5B}.Release|Any CPU.Build.0 = Release|Any CPU
		{D57E4E22-3C9D-4136-B07E-571F32DE4FAE}.Debug|Any CPU.ActiveCfg = Debug|Any CPU
		{D57E4E22-3C9D-4136-B07E-571F32DE4FAE}.Debug|Any CPU.Build.0 = Debug|Any CPU
		{D57E4E22-3C9D-4136-B07E-571F32DE4FAE}.Release|Any CPU.ActiveCfg = Release|Any CPU
		{D57E4E22-3C9D-4136-B07E-571F32DE4FAE}.Release|Any CPU.Build.0 = Release|Any CPU
		{CDF677B9-8025-4C36-89EB-FC9522182D45}.Debug|Any CPU.ActiveCfg = Debug|Any CPU
		{CDF677B9-8025-4C36-89EB-FC9522182D45}.Debug|Any CPU.Build.0 = Debug|Any CPU
		{CDF677B9-8025-4C36-89EB-FC9522182D45}.Release|Any CPU.ActiveCfg = Release|Any CPU
		{CDF677B9-8025-4C36-89EB-FC9522182D45}.Release|Any CPU.Build.0 = Release|Any CPU
		{64829A94-5BD5-4BED-81F1-E3C7FAEA8887}.Debug|Any CPU.ActiveCfg = Debug|Any CPU
		{64829A94-5BD5-4BED-81F1-E3C7FAEA8887}.Debug|Any CPU.Build.0 = Debug|Any CPU
		{64829A94-5BD5-4BED-81F1-E3C7FAEA8887}.Release|Any CPU.ActiveCfg = Release|Any CPU
		{64829A94-5BD5-4BED-81F1-E3C7FAEA8887}.Release|Any CPU.Build.0 = Release|Any CPU
	EndGlobalSection
	GlobalSection(SolutionProperties) = preSolution
		HideSolutionNode = FALSE
	EndGlobalSection
	GlobalSection(ExtensibilityGlobals) = postSolution
		SolutionGuid = {41CD4028-50F1-4922-825F-0B1026CB324A}
	EndGlobalSection
EndGlobal
